// !$*UTF8*$!
{
	archiveVersion = 1;
	classes = {
	};
	objectVersion = 55;
	objects = {

/* Begin PBXBuildFile section */
		1401029D2806D8F200AB27C2 /* NewPresenter.m in Sources */ = {isa = PBXBuildFile; fileRef = 1401029C2806D8F200AB27C2 /* NewPresenter.m */; };
		140102A12806E00F00AB27C2 /* HTTPClient.m in Sources */ = {isa = PBXBuildFile; fileRef = 140102A02806E00F00AB27C2 /* HTTPClient.m */; };
		140102AB2806E4C500AB27C2 /* QuestionButton.m in Sources */ = {isa = PBXBuildFile; fileRef = 140102A92806E4C500AB27C2 /* QuestionButton.m */; };
		140102AF2806E4D200AB27C2 /* QuestionSelectView.m in Sources */ = {isa = PBXBuildFile; fileRef = 140102AE2806E4D200AB27C2 /* QuestionSelectView.m */; };
		140102B42806E51800AB27C2 /* SSRTopBarBaseView.m in Sources */ = {isa = PBXBuildFile; fileRef = 140102B22806E51800AB27C2 /* SSRTopBarBaseView.m */; };
		140102B82806E59200AB27C2 /* SSRTextCycleCell.m in Sources */ = {isa = PBXBuildFile; fileRef = 140102B72806E59200AB27C2 /* SSRTextCycleCell.m */; };
		140102BC2806E5A500AB27C2 /* SSRTextCycleView.m in Sources */ = {isa = PBXBuildFile; fileRef = 140102BA2806E5A500AB27C2 /* SSRTextCycleView.m */; };
		140102C32806F9F400AB27C2 /* WYNewsModel.m in Sources */ = {isa = PBXBuildFile; fileRef = 140102C22806F9F400AB27C2 /* WYNewsModel.m */; };
		140102C62806FA0900AB27C2 /* WYNews.m in Sources */ = {isa = PBXBuildFile; fileRef = 140102C52806FA0900AB27C2 /* WYNews.m */; };
		142B7485280AE48B008B6485 /* ZHNews.m in Sources */ = {isa = PBXBuildFile; fileRef = 142B7484280AE48B008B6485 /* ZHNews.m */; };
		142B7488280AE7A9008B6485 /* ZHSectionNews.m in Sources */ = {isa = PBXBuildFile; fileRef = 142B7487280AE7A9008B6485 /* ZHSectionNews.m */; };
		142B7490280AF004008B6485 /* ZHNewsModel.m in Sources */ = {isa = PBXBuildFile; fileRef = 142B748F280AF004008B6485 /* ZHNewsModel.m */; };
		1440DD132803006400652F5D /* UIView+Frame.m in Sources */ = {isa = PBXBuildFile; fileRef = 1440DD112803006400652F5D /* UIView+Frame.m */; };
		7A5260C12809BD0A000A06BC /* UIView+RoundCorner.m in Sources */ = {isa = PBXBuildFile; fileRef = 7A5260C02809BD0A000A06BC /* UIView+RoundCorner.m */; };
		7A548537280DBA2A00338BF1 /* PersonFirstView.m in Sources */ = {isa = PBXBuildFile; fileRef = 7A548536280DBA2A00338BF1 /* PersonFirstView.m */; };
		7A54853A280DBA3700338BF1 /* PersonSecondView.m in Sources */ = {isa = PBXBuildFile; fileRef = 7A548539280DBA3700338BF1 /* PersonSecondView.m */; };
		7A548544281191BE00338BF1 /* Color.xcassets in Resources */ = {isa = PBXBuildFile; fileRef = 7A548543281191BE00338BF1 /* Color.xcassets */; };
		7A7604802809C66F001BC1B1 /* CurrentNewsCell.m in Sources */ = {isa = PBXBuildFile; fileRef = 7A76047F2809C66F001BC1B1 /* CurrentNewsCell.m */; };
		7A7604862809CED8001BC1B1 /* CurrentNewsTableView.m in Sources */ = {isa = PBXBuildFile; fileRef = 7A7604852809CED8001BC1B1 /* CurrentNewsTableView.m */; };
		7A7604B0280B2322001BC1B1 /* WaterFlowView.m in Sources */ = {isa = PBXBuildFile; fileRef = 7A7604AF280B2322001BC1B1 /* WaterFlowView.m */; };
		7A9DFD7C280DB50100BBA782 /* BannerView.m in Sources */ = {isa = PBXBuildFile; fileRef = 7A9DFD7B280DB50100BBA782 /* BannerView.m */; };
		B05CE94A997D823ABBFE8825 /* Pods_NewApp.framework in Frameworks */ = {isa = PBXBuildFile; fileRef = 0C9690FE25E517FDCB3D6624 /* Pods_NewApp.framework */; };
		B50953AB2811372000E9D3FD /* schoolNews.plist in Resources */ = {isa = PBXBuildFile; fileRef = B50953AA2811372000E9D3FD /* schoolNews.plist */; };
		B50953AE28113DEB00E9D3FD /* UILabel+AutoHeight.m in Sources */ = {isa = PBXBuildFile; fileRef = B50953AC28113DEA00E9D3FD /* UILabel+AutoHeight.m */; };
		B5244C3D2804624A0034FC6A /* LoginView.m in Sources */ = {isa = PBXBuildFile; fileRef = B5244C3C2804624A0034FC6A /* LoginView.m */; };
		B5244C40280462570034FC6A /* LoginViewController.m in Sources */ = {isa = PBXBuildFile; fileRef = B5244C3F280462570034FC6A /* LoginViewController.m */; };
		B5244C47280466620034FC6A /* PersonViewController.m in Sources */ = {isa = PBXBuildFile; fileRef = B5244C46280466620034FC6A /* PersonViewController.m */; };
		B5244C4D28053ACF0034FC6A /* TopView.m in Sources */ = {isa = PBXBuildFile; fileRef = B5244C4C28053ACF0034FC6A /* TopView.m */; };
		B5244C5328053C120034FC6A /* NSDate+Day.m in Sources */ = {isa = PBXBuildFile; fileRef = B5244C5128053C120034FC6A /* NSDate+Day.m */; };
		B54BE2C32801AF0F0095769A /* AppDelegate.m in Sources */ = {isa = PBXBuildFile; fileRef = B54BE2C22801AF0F0095769A /* AppDelegate.m */; };
		B54BE2CE2801AF110095769A /* Assets.xcassets in Resources */ = {isa = PBXBuildFile; fileRef = B54BE2CD2801AF110095769A /* Assets.xcassets */; };
		B54BE2D12801AF110095769A /* LaunchScreen.storyboard in Resources */ = {isa = PBXBuildFile; fileRef = B54BE2CF2801AF110095769A /* LaunchScreen.storyboard */; };
		B54BE2D42801AF110095769A /* main.m in Sources */ = {isa = PBXBuildFile; fileRef = B54BE2D32801AF110095769A /* main.m */; };
		B54BE2DC2801AFD40095769A /* MainViewController.m in Sources */ = {isa = PBXBuildFile; fileRef = B54BE2DB2801AFD40095769A /* MainViewController.m */; };
		B54BE2DF2801AFEA0095769A /* CurrentNewsViewController.m in Sources */ = {isa = PBXBuildFile; fileRef = B54BE2DE2801AFEA0095769A /* CurrentNewsViewController.m */; };
		B54BE2E22801AFFE0095769A /* FunnyNewsViewController.m in Sources */ = {isa = PBXBuildFile; fileRef = B54BE2E12801AFFE0095769A /* FunnyNewsViewController.m */; };
		B54BE2EE2801B2D60095769A /* NavView.m in Sources */ = {isa = PBXBuildFile; fileRef = B54BE2ED2801B2D60095769A /* NavView.m */; };
		B5CBE63928141C1F009C3151 /* FNNextViewController.m in Sources */ = {isa = PBXBuildFile; fileRef = B5CBE63828141C1F009C3151 /* FNNextViewController.m */; };
		B5F6AD502813C04500D2DAC3 /* SchoolNewsViewController.m in Sources */ = {isa = PBXBuildFile; fileRef = B5F6AD4F2813C04500D2DAC3 /* SchoolNewsViewController.m */; };
		B5F6AD592813C09C00D2DAC3 /* SchoolNewsCell.m in Sources */ = {isa = PBXBuildFile; fileRef = B5F6AD582813C09C00D2DAC3 /* SchoolNewsCell.m */; };
		B5F6AD5C2813C0BA00D2DAC3 /* SchoolNewsTableView.m in Sources */ = {isa = PBXBuildFile; fileRef = B5F6AD5B2813C0BA00D2DAC3 /* SchoolNewsTableView.m */; };
		B5F6AD602813C10300D2DAC3 /* SNModel.m in Sources */ = {isa = PBXBuildFile; fileRef = B5F6AD5F2813C10300D2DAC3 /* SNModel.m */; };
		B5F6AD672813C15400D2DAC3 /* SNNextViewController.m in Sources */ = {isa = PBXBuildFile; fileRef = B5F6AD662813C15400D2DAC3 /* SNNextViewController.m */; };
		B5F6AD6A2813C16700D2DAC3 /* SNNextView.m in Sources */ = {isa = PBXBuildFile; fileRef = B5F6AD692813C16700D2DAC3 /* SNNextView.m */; };
		B5F6AD712813CD4A00D2DAC3 /* CNNextViewController.m in Sources */ = {isa = PBXBuildFile; fileRef = B5F6AD702813CD4A00D2DAC3 /* CNNextViewController.m */; };
/* End PBXBuildFile section */

/* Begin PBXFileReference section */
		0C9690FE25E517FDCB3D6624 /* Pods_NewApp.framework */ = {isa = PBXFileReference; explicitFileType = wrapper.framework; includeInIndex = 0; path = Pods_NewApp.framework; sourceTree = BUILT_PRODUCTS_DIR; };
		1401029B2806D8F200AB27C2 /* NewPresenter.h */ = {isa = PBXFileReference; lastKnownFileType = sourcecode.c.h; path = NewPresenter.h; sourceTree = "<group>"; };
		1401029C2806D8F200AB27C2 /* NewPresenter.m */ = {isa = PBXFileReference; lastKnownFileType = sourcecode.c.objc; path = NewPresenter.m; sourceTree = "<group>"; };
		1401029F2806E00F00AB27C2 /* HTTPClient.h */ = {isa = PBXFileReference; lastKnownFileType = sourcecode.c.h; path = HTTPClient.h; sourceTree = "<group>"; };
		140102A02806E00F00AB27C2 /* HTTPClient.m */ = {isa = PBXFileReference; lastKnownFileType = sourcecode.c.objc; path = HTTPClient.m; sourceTree = "<group>"; };
		140102A92806E4C500AB27C2 /* QuestionButton.m */ = {isa = PBXFileReference; lastKnownFileType = sourcecode.c.objc; path = QuestionButton.m; sourceTree = "<group>"; };
		140102AA2806E4C500AB27C2 /* QuestionButton.h */ = {isa = PBXFileReference; lastKnownFileType = sourcecode.c.h; path = QuestionButton.h; sourceTree = "<group>"; };
		140102AD2806E4D200AB27C2 /* QuestionSelectView.h */ = {isa = PBXFileReference; lastKnownFileType = sourcecode.c.h; path = QuestionSelectView.h; sourceTree = "<group>"; };
		140102AE2806E4D200AB27C2 /* QuestionSelectView.m */ = {isa = PBXFileReference; lastKnownFileType = sourcecode.c.objc; path = QuestionSelectView.m; sourceTree = "<group>"; };
		140102B22806E51800AB27C2 /* SSRTopBarBaseView.m */ = {isa = PBXFileReference; lastKnownFileType = sourcecode.c.objc; path = SSRTopBarBaseView.m; sourceTree = "<group>"; };
		140102B32806E51800AB27C2 /* SSRTopBarBaseView.h */ = {isa = PBXFileReference; lastKnownFileType = sourcecode.c.h; path = SSRTopBarBaseView.h; sourceTree = "<group>"; };
		140102B62806E59200AB27C2 /* SSRTextCycleCell.h */ = {isa = PBXFileReference; lastKnownFileType = sourcecode.c.h; path = SSRTextCycleCell.h; sourceTree = "<group>"; };
		140102B72806E59200AB27C2 /* SSRTextCycleCell.m */ = {isa = PBXFileReference; lastKnownFileType = sourcecode.c.objc; path = SSRTextCycleCell.m; sourceTree = "<group>"; };
		140102BA2806E5A500AB27C2 /* SSRTextCycleView.m */ = {isa = PBXFileReference; lastKnownFileType = sourcecode.c.objc; path = SSRTextCycleView.m; sourceTree = "<group>"; };
		140102BB2806E5A500AB27C2 /* SSRTextCycleView.h */ = {isa = PBXFileReference; lastKnownFileType = sourcecode.c.h; path = SSRTextCycleView.h; sourceTree = "<group>"; };
		140102BE2806E5E900AB27C2 /* URLHeader.h */ = {isa = PBXFileReference; lastKnownFileType = sourcecode.c.h; path = URLHeader.h; sourceTree = "<group>"; };
		140102BF2806E5FD00AB27C2 /* ExtentionHeader.h */ = {isa = PBXFileReference; lastKnownFileType = sourcecode.c.h; path = ExtentionHeader.h; sourceTree = "<group>"; };
		140102C12806F9F400AB27C2 /* WYNewsModel.h */ = {isa = PBXFileReference; lastKnownFileType = sourcecode.c.h; path = WYNewsModel.h; sourceTree = "<group>"; };
		140102C22806F9F400AB27C2 /* WYNewsModel.m */ = {isa = PBXFileReference; lastKnownFileType = sourcecode.c.objc; path = WYNewsModel.m; sourceTree = "<group>"; };
		140102C42806FA0900AB27C2 /* WYNews.h */ = {isa = PBXFileReference; lastKnownFileType = sourcecode.c.h; path = WYNews.h; sourceTree = "<group>"; };
		140102C52806FA0900AB27C2 /* WYNews.m */ = {isa = PBXFileReference; lastKnownFileType = sourcecode.c.objc; path = WYNews.m; sourceTree = "<group>"; };
		142B7483280AE48B008B6485 /* ZHNews.h */ = {isa = PBXFileReference; lastKnownFileType = sourcecode.c.h; path = ZHNews.h; sourceTree = "<group>"; };
		142B7484280AE48B008B6485 /* ZHNews.m */ = {isa = PBXFileReference; lastKnownFileType = sourcecode.c.objc; path = ZHNews.m; sourceTree = "<group>"; };
		142B7486280AE7A9008B6485 /* ZHSectionNews.h */ = {isa = PBXFileReference; lastKnownFileType = sourcecode.c.h; path = ZHSectionNews.h; sourceTree = "<group>"; };
		142B7487280AE7A9008B6485 /* ZHSectionNews.m */ = {isa = PBXFileReference; lastKnownFileType = sourcecode.c.objc; path = ZHSectionNews.m; sourceTree = "<group>"; };
		142B748E280AF004008B6485 /* ZHNewsModel.h */ = {isa = PBXFileReference; lastKnownFileType = sourcecode.c.h; path = ZHNewsModel.h; sourceTree = "<group>"; };
		142B748F280AF004008B6485 /* ZHNewsModel.m */ = {isa = PBXFileReference; lastKnownFileType = sourcecode.c.objc; path = ZHNewsModel.m; sourceTree = "<group>"; };
		1440DD112803006400652F5D /* UIView+Frame.m */ = {isa = PBXFileReference; fileEncoding = 4; lastKnownFileType = sourcecode.c.objc; path = "UIView+Frame.m"; sourceTree = "<group>"; };
		1440DD122803006400652F5D /* UIView+Frame.h */ = {isa = PBXFileReference; fileEncoding = 4; lastKnownFileType = sourcecode.c.h; path = "UIView+Frame.h"; sourceTree = "<group>"; };
		67926DF1803C2B53047F7BFD /* Pods-NewApp.release.xcconfig */ = {isa = PBXFileReference; includeInIndex = 1; lastKnownFileType = text.xcconfig; name = "Pods-NewApp.release.xcconfig"; path = "Target Support Files/Pods-NewApp/Pods-NewApp.release.xcconfig"; sourceTree = "<group>"; };
		7A5260BF2809BD0A000A06BC /* UIView+RoundCorner.h */ = {isa = PBXFileReference; lastKnownFileType = sourcecode.c.h; path = "UIView+RoundCorner.h"; sourceTree = "<group>"; };
		7A5260C02809BD0A000A06BC /* UIView+RoundCorner.m */ = {isa = PBXFileReference; lastKnownFileType = sourcecode.c.objc; path = "UIView+RoundCorner.m"; sourceTree = "<group>"; };
		7A548535280DBA2A00338BF1 /* PersonFirstView.h */ = {isa = PBXFileReference; lastKnownFileType = sourcecode.c.h; path = PersonFirstView.h; sourceTree = "<group>"; };
		7A548536280DBA2A00338BF1 /* PersonFirstView.m */ = {isa = PBXFileReference; lastKnownFileType = sourcecode.c.objc; path = PersonFirstView.m; sourceTree = "<group>"; };
		7A548538280DBA3700338BF1 /* PersonSecondView.h */ = {isa = PBXFileReference; lastKnownFileType = sourcecode.c.h; path = PersonSecondView.h; sourceTree = "<group>"; };
		7A548539280DBA3700338BF1 /* PersonSecondView.m */ = {isa = PBXFileReference; lastKnownFileType = sourcecode.c.objc; path = PersonSecondView.m; sourceTree = "<group>"; };
		7A548543281191BE00338BF1 /* Color.xcassets */ = {isa = PBXFileReference; lastKnownFileType = folder.assetcatalog; path = Color.xcassets; sourceTree = "<group>"; };
		7A76047E2809C66F001BC1B1 /* CurrentNewsCell.h */ = {isa = PBXFileReference; lastKnownFileType = sourcecode.c.h; path = CurrentNewsCell.h; sourceTree = "<group>"; };
		7A76047F2809C66F001BC1B1 /* CurrentNewsCell.m */ = {isa = PBXFileReference; lastKnownFileType = sourcecode.c.objc; path = CurrentNewsCell.m; sourceTree = "<group>"; };
		7A7604842809CED8001BC1B1 /* CurrentNewsTableView.h */ = {isa = PBXFileReference; lastKnownFileType = sourcecode.c.h; path = CurrentNewsTableView.h; sourceTree = "<group>"; };
		7A7604852809CED8001BC1B1 /* CurrentNewsTableView.m */ = {isa = PBXFileReference; lastKnownFileType = sourcecode.c.objc; path = CurrentNewsTableView.m; sourceTree = "<group>"; };
		7A7604AE280B2321001BC1B1 /* WaterFlowView.h */ = {isa = PBXFileReference; lastKnownFileType = sourcecode.c.h; path = WaterFlowView.h; sourceTree = "<group>"; };
		7A7604AF280B2322001BC1B1 /* WaterFlowView.m */ = {isa = PBXFileReference; lastKnownFileType = sourcecode.c.objc; path = WaterFlowView.m; sourceTree = "<group>"; };
		7A9DFD7A280DB50100BBA782 /* BannerView.h */ = {isa = PBXFileReference; lastKnownFileType = sourcecode.c.h; path = BannerView.h; sourceTree = "<group>"; };
		7A9DFD7B280DB50100BBA782 /* BannerView.m */ = {isa = PBXFileReference; lastKnownFileType = sourcecode.c.objc; path = BannerView.m; sourceTree = "<group>"; };
		917B21508948659933AFA0B1 /* Pods-NewApp.debug.xcconfig */ = {isa = PBXFileReference; includeInIndex = 1; lastKnownFileType = text.xcconfig; name = "Pods-NewApp.debug.xcconfig"; path = "Target Support Files/Pods-NewApp/Pods-NewApp.debug.xcconfig"; sourceTree = "<group>"; };
		B50953AA2811372000E9D3FD /* schoolNews.plist */ = {isa = PBXFileReference; fileEncoding = 4; lastKnownFileType = text.plist.xml; name = schoolNews.plist; path = ../../SchoolNewsData/schoolNews.plist; sourceTree = "<group>"; };
		B50953AC28113DEA00E9D3FD /* UILabel+AutoHeight.m */ = {isa = PBXFileReference; fileEncoding = 4; lastKnownFileType = sourcecode.c.objc; path = "UILabel+AutoHeight.m"; sourceTree = "<group>"; };
		B50953AD28113DEA00E9D3FD /* UILabel+AutoHeight.h */ = {isa = PBXFileReference; fileEncoding = 4; lastKnownFileType = sourcecode.c.h; path = "UILabel+AutoHeight.h"; sourceTree = "<group>"; };
		B5244C3B2804624A0034FC6A /* LoginView.h */ = {isa = PBXFileReference; lastKnownFileType = sourcecode.c.h; path = LoginView.h; sourceTree = "<group>"; };
		B5244C3C2804624A0034FC6A /* LoginView.m */ = {isa = PBXFileReference; lastKnownFileType = sourcecode.c.objc; path = LoginView.m; sourceTree = "<group>"; };
		B5244C3E280462570034FC6A /* LoginViewController.h */ = {isa = PBXFileReference; lastKnownFileType = sourcecode.c.h; path = LoginViewController.h; sourceTree = "<group>"; };
		B5244C3F280462570034FC6A /* LoginViewController.m */ = {isa = PBXFileReference; lastKnownFileType = sourcecode.c.objc; path = LoginViewController.m; sourceTree = "<group>"; };
		B5244C45280466620034FC6A /* PersonViewController.h */ = {isa = PBXFileReference; lastKnownFileType = sourcecode.c.h; path = PersonViewController.h; sourceTree = "<group>"; };
		B5244C46280466620034FC6A /* PersonViewController.m */ = {isa = PBXFileReference; lastKnownFileType = sourcecode.c.objc; path = PersonViewController.m; sourceTree = "<group>"; };
		B5244C4B28053ACF0034FC6A /* TopView.h */ = {isa = PBXFileReference; lastKnownFileType = sourcecode.c.h; path = TopView.h; sourceTree = "<group>"; };
		B5244C4C28053ACF0034FC6A /* TopView.m */ = {isa = PBXFileReference; lastKnownFileType = sourcecode.c.objc; path = TopView.m; sourceTree = "<group>"; };
		B5244C5128053C120034FC6A /* NSDate+Day.m */ = {isa = PBXFileReference; fileEncoding = 4; lastKnownFileType = sourcecode.c.objc; path = "NSDate+Day.m"; sourceTree = "<group>"; };
		B5244C5228053C120034FC6A /* NSDate+Day.h */ = {isa = PBXFileReference; fileEncoding = 4; lastKnownFileType = sourcecode.c.h; path = "NSDate+Day.h"; sourceTree = "<group>"; };
		B54BE2BE2801AF0F0095769A /* NewApp.app */ = {isa = PBXFileReference; explicitFileType = wrapper.application; includeInIndex = 0; path = NewApp.app; sourceTree = BUILT_PRODUCTS_DIR; };
		B54BE2C12801AF0F0095769A /* AppDelegate.h */ = {isa = PBXFileReference; lastKnownFileType = sourcecode.c.h; path = AppDelegate.h; sourceTree = "<group>"; };
		B54BE2C22801AF0F0095769A /* AppDelegate.m */ = {isa = PBXFileReference; lastKnownFileType = sourcecode.c.objc; path = AppDelegate.m; sourceTree = "<group>"; };
		B54BE2CD2801AF110095769A /* Assets.xcassets */ = {isa = PBXFileReference; lastKnownFileType = folder.assetcatalog; path = Assets.xcassets; sourceTree = "<group>"; };
		B54BE2D02801AF110095769A /* Base */ = {isa = PBXFileReference; lastKnownFileType = file.storyboard; name = Base; path = Base.lproj/LaunchScreen.storyboard; sourceTree = "<group>"; };
		B54BE2D22801AF110095769A /* Info.plist */ = {isa = PBXFileReference; lastKnownFileType = text.plist.xml; path = Info.plist; sourceTree = "<group>"; };
		B54BE2D32801AF110095769A /* main.m */ = {isa = PBXFileReference; lastKnownFileType = sourcecode.c.objc; path = main.m; sourceTree = "<group>"; };
		B54BE2DA2801AFD40095769A /* MainViewController.h */ = {isa = PBXFileReference; lastKnownFileType = sourcecode.c.h; path = MainViewController.h; sourceTree = "<group>"; };
		B54BE2DB2801AFD40095769A /* MainViewController.m */ = {isa = PBXFileReference; lastKnownFileType = sourcecode.c.objc; path = MainViewController.m; sourceTree = "<group>"; };
		B54BE2DD2801AFEA0095769A /* CurrentNewsViewController.h */ = {isa = PBXFileReference; lastKnownFileType = sourcecode.c.h; path = CurrentNewsViewController.h; sourceTree = "<group>"; };
		B54BE2DE2801AFEA0095769A /* CurrentNewsViewController.m */ = {isa = PBXFileReference; lastKnownFileType = sourcecode.c.objc; path = CurrentNewsViewController.m; sourceTree = "<group>"; };
		B54BE2E02801AFFE0095769A /* FunnyNewsViewController.h */ = {isa = PBXFileReference; lastKnownFileType = sourcecode.c.h; path = FunnyNewsViewController.h; sourceTree = "<group>"; };
		B54BE2E12801AFFE0095769A /* FunnyNewsViewController.m */ = {isa = PBXFileReference; lastKnownFileType = sourcecode.c.objc; path = FunnyNewsViewController.m; sourceTree = "<group>"; };
		B54BE2E62801B0B40095769A /* PrefixHeader.pch */ = {isa = PBXFileReference; lastKnownFileType = sourcecode.c.h; path = PrefixHeader.pch; sourceTree = "<group>"; };
		B54BE2EC2801B2D60095769A /* NavView.h */ = {isa = PBXFileReference; lastKnownFileType = sourcecode.c.h; path = NavView.h; sourceTree = "<group>"; };
		B54BE2ED2801B2D60095769A /* NavView.m */ = {isa = PBXFileReference; lastKnownFileType = sourcecode.c.objc; path = NavView.m; sourceTree = "<group>"; };
		B5CBE63728141C1F009C3151 /* FNNextViewController.h */ = {isa = PBXFileReference; lastKnownFileType = sourcecode.c.h; path = FNNextViewController.h; sourceTree = "<group>"; };
		B5CBE63828141C1F009C3151 /* FNNextViewController.m */ = {isa = PBXFileReference; lastKnownFileType = sourcecode.c.objc; path = FNNextViewController.m; sourceTree = "<group>"; };
		B5F6AD4E2813C04500D2DAC3 /* SchoolNewsViewController.h */ = {isa = PBXFileReference; lastKnownFileType = sourcecode.c.h; path = SchoolNewsViewController.h; sourceTree = "<group>"; };
		B5F6AD4F2813C04500D2DAC3 /* SchoolNewsViewController.m */ = {isa = PBXFileReference; lastKnownFileType = sourcecode.c.objc; path = SchoolNewsViewController.m; sourceTree = "<group>"; };
		B5F6AD572813C09C00D2DAC3 /* SchoolNewsCell.h */ = {isa = PBXFileReference; lastKnownFileType = sourcecode.c.h; path = SchoolNewsCell.h; sourceTree = "<group>"; };
		B5F6AD582813C09C00D2DAC3 /* SchoolNewsCell.m */ = {isa = PBXFileReference; lastKnownFileType = sourcecode.c.objc; path = SchoolNewsCell.m; sourceTree = "<group>"; };
		B5F6AD5A2813C0BA00D2DAC3 /* SchoolNewsTableView.h */ = {isa = PBXFileReference; lastKnownFileType = sourcecode.c.h; path = SchoolNewsTableView.h; sourceTree = "<group>"; };
		B5F6AD5B2813C0BA00D2DAC3 /* SchoolNewsTableView.m */ = {isa = PBXFileReference; lastKnownFileType = sourcecode.c.objc; path = SchoolNewsTableView.m; sourceTree = "<group>"; };
		B5F6AD5E2813C10300D2DAC3 /* SNModel.h */ = {isa = PBXFileReference; fileEncoding = 4; lastKnownFileType = sourcecode.c.h; path = SNModel.h; sourceTree = "<group>"; };
		B5F6AD5F2813C10300D2DAC3 /* SNModel.m */ = {isa = PBXFileReference; fileEncoding = 4; lastKnownFileType = sourcecode.c.objc; path = SNModel.m; sourceTree = "<group>"; };
		B5F6AD652813C15400D2DAC3 /* SNNextViewController.h */ = {isa = PBXFileReference; lastKnownFileType = sourcecode.c.h; path = SNNextViewController.h; sourceTree = "<group>"; };
		B5F6AD662813C15400D2DAC3 /* SNNextViewController.m */ = {isa = PBXFileReference; lastKnownFileType = sourcecode.c.objc; path = SNNextViewController.m; sourceTree = "<group>"; };
		B5F6AD682813C16700D2DAC3 /* SNNextView.h */ = {isa = PBXFileReference; lastKnownFileType = sourcecode.c.h; path = SNNextView.h; sourceTree = "<group>"; };
		B5F6AD692813C16700D2DAC3 /* SNNextView.m */ = {isa = PBXFileReference; lastKnownFileType = sourcecode.c.objc; path = SNNextView.m; sourceTree = "<group>"; };
		B5F6AD6F2813CD4A00D2DAC3 /* CNNextViewController.h */ = {isa = PBXFileReference; lastKnownFileType = sourcecode.c.h; path = CNNextViewController.h; sourceTree = "<group>"; };
		B5F6AD702813CD4A00D2DAC3 /* CNNextViewController.m */ = {isa = PBXFileReference; lastKnownFileType = sourcecode.c.objc; path = CNNextViewController.m; sourceTree = "<group>"; };
/* End PBXFileReference section */

/* Begin PBXFrameworksBuildPhase section */
		B54BE2BB2801AF0F0095769A /* Frameworks */ = {
			isa = PBXFrameworksBuildPhase;
			buildActionMask = 2147483647;
			files = (
				B05CE94A997D823ABBFE8825 /* Pods_NewApp.framework in Frameworks */,
			);
			runOnlyForDeploymentPostprocessing = 0;
		};
/* End PBXFrameworksBuildPhase section */

/* Begin PBXGroup section */
		1401029E2806DE8D00AB27C2 /* NewPresenter */ = {
			isa = PBXGroup;
			children = (
				1401029B2806D8F200AB27C2 /* NewPresenter.h */,
				1401029C2806D8F200AB27C2 /* NewPresenter.m */,
			);
			path = NewPresenter;
			sourceTree = "<group>";
		};
		140102A22806E29700AB27C2 /* HTTPClient */ = {
			isa = PBXGroup;
			children = (
				1401029F2806E00F00AB27C2 /* HTTPClient.h */,
				140102A02806E00F00AB27C2 /* HTTPClient.m */,
			);
			path = HTTPClient;
			sourceTree = "<group>";
		};
		140102AC2806E4C800AB27C2 /* QuestionButton */ = {
			isa = PBXGroup;
			children = (
				140102AA2806E4C500AB27C2 /* QuestionButton.h */,
				140102A92806E4C500AB27C2 /* QuestionButton.m */,
			);
			path = QuestionButton;
			sourceTree = "<group>";
		};
		140102B12806E4DF00AB27C2 /* QuestionSelectView */ = {
			isa = PBXGroup;
			children = (
				140102AD2806E4D200AB27C2 /* QuestionSelectView.h */,
				140102AE2806E4D200AB27C2 /* QuestionSelectView.m */,
				140102AC2806E4C800AB27C2 /* QuestionButton */,
			);
			path = QuestionSelectView;
			sourceTree = "<group>";
		};
		140102B52806E51B00AB27C2 /* SSRTopBarBaseView */ = {
			isa = PBXGroup;
			children = (
				140102B32806E51800AB27C2 /* SSRTopBarBaseView.h */,
				140102B22806E51800AB27C2 /* SSRTopBarBaseView.m */,
			);
			path = SSRTopBarBaseView;
			sourceTree = "<group>";
		};
		140102B92806E59500AB27C2 /* SSRTextCycleCell */ = {
			isa = PBXGroup;
			children = (
				140102B62806E59200AB27C2 /* SSRTextCycleCell.h */,
				140102B72806E59200AB27C2 /* SSRTextCycleCell.m */,
			);
			path = SSRTextCycleCell;
			sourceTree = "<group>";
		};
		140102BD2806E5AF00AB27C2 /* SSRTextCycleView */ = {
			isa = PBXGroup;
			children = (
				140102BB2806E5A500AB27C2 /* SSRTextCycleView.h */,
				140102BA2806E5A500AB27C2 /* SSRTextCycleView.m */,
				140102B92806E59500AB27C2 /* SSRTextCycleCell */,
			);
			path = SSRTextCycleView;
			sourceTree = "<group>";
		};
		140102C02806E72E00AB27C2 /* Header */ = {
			isa = PBXGroup;
			children = (
				140102BE2806E5E900AB27C2 /* URLHeader.h */,
				140102BF2806E5FD00AB27C2 /* ExtentionHeader.h */,
			);
			path = Header;
			sourceTree = "<group>";
		};
		140102C72806FCBF00AB27C2 /* WYNews */ = {
			isa = PBXGroup;
			children = (
				140102C42806FA0900AB27C2 /* WYNews.h */,
				140102C52806FA0900AB27C2 /* WYNews.m */,
			);
			path = WYNews;
			sourceTree = "<group>";
		};
		140102C82806FE2000AB27C2 /* WYNewsModel */ = {
			isa = PBXGroup;
			children = (
				140102C12806F9F400AB27C2 /* WYNewsModel.h */,
				140102C22806F9F400AB27C2 /* WYNewsModel.m */,
				140102C72806FCBF00AB27C2 /* WYNews */,
			);
			path = WYNewsModel;
			sourceTree = "<group>";
		};
		140102C92807011000AB27C2 /* BaseView */ = {
			isa = PBXGroup;
			children = (
				140102BD2806E5AF00AB27C2 /* SSRTextCycleView */,
				140102B52806E51B00AB27C2 /* SSRTopBarBaseView */,
				140102B12806E4DF00AB27C2 /* QuestionSelectView */,
			);
			path = BaseView;
			sourceTree = "<group>";
		};
		142B7491280AF6C8008B6485 /* ZHNews */ = {
			isa = PBXGroup;
			children = (
				142B7483280AE48B008B6485 /* ZHNews.h */,
				142B7484280AE48B008B6485 /* ZHNews.m */,
			);
			path = ZHNews;
			sourceTree = "<group>";
		};
		142B7492280AF6D2008B6485 /* ZHSectionNews */ = {
			isa = PBXGroup;
			children = (
				142B7486280AE7A9008B6485 /* ZHSectionNews.h */,
				142B7487280AE7A9008B6485 /* ZHSectionNews.m */,
				142B7491280AF6C8008B6485 /* ZHNews */,
			);
			path = ZHSectionNews;
			sourceTree = "<group>";
		};
		142B7493280AF6DC008B6485 /* ZHNewsModel */ = {
			isa = PBXGroup;
			children = (
				142B748E280AF004008B6485 /* ZHNewsModel.h */,
				142B748F280AF004008B6485 /* ZHNewsModel.m */,
				142B7492280AF6D2008B6485 /* ZHSectionNews */,
			);
			path = ZHNewsModel;
			sourceTree = "<group>";
		};
		1440DD142803007900652F5D /* UIView+Frame */ = {
			isa = PBXGroup;
			children = (
				1440DD122803006400652F5D /* UIView+Frame.h */,
				1440DD112803006400652F5D /* UIView+Frame.m */,
			);
			path = "UIView+Frame";
			sourceTree = "<group>";
		};
		2B56657591FF0C9D98B31688 /* Pods */ = {
			isa = PBXGroup;
			children = (
				917B21508948659933AFA0B1 /* Pods-NewApp.debug.xcconfig */,
				67926DF1803C2B53047F7BFD /* Pods-NewApp.release.xcconfig */,
			);
			path = Pods;
			sourceTree = "<group>";
		};
		7A5260702809B616000A06BC /* View */ = {
			isa = PBXGroup;
			children = (
				7A9DFD7A280DB50100BBA782 /* BannerView.h */,
				7A9DFD7B280DB50100BBA782 /* BannerView.m */,
				7A7604B1280B2382001BC1B1 /* WaterFlowView */,
			);
			path = View;
			sourceTree = "<group>";
		};
		7A5260BE2809BCF5000A06BC /* UIView+RoundCorner */ = {
			isa = PBXGroup;
			children = (
				7A5260BF2809BD0A000A06BC /* UIView+RoundCorner.h */,
				7A5260C02809BD0A000A06BC /* UIView+RoundCorner.m */,
			);
			path = "UIView+RoundCorner";
			sourceTree = "<group>";
		};
		7A548534280DB95900338BF1 /* View */ = {
			isa = PBXGroup;
			children = (
				7A548535280DBA2A00338BF1 /* PersonFirstView.h */,
				7A548536280DBA2A00338BF1 /* PersonFirstView.m */,
				7A548538280DBA3700338BF1 /* PersonSecondView.h */,
				7A548539280DBA3700338BF1 /* PersonSecondView.m */,
			);
			path = View;
			sourceTree = "<group>";
		};
		7A54853B280DBD5E00338BF1 /* ViewController */ = {
			isa = PBXGroup;
			children = (
				B5244C45280466620034FC6A /* PersonViewController.h */,
				B5244C46280466620034FC6A /* PersonViewController.m */,
			);
			path = ViewController;
			sourceTree = "<group>";
		};
		7A7604622809C48D001BC1B1 /* View */ = {
			isa = PBXGroup;
			children = (
				7A7604832809CEA3001BC1B1 /* CurrentNewsTableView */,
			);
			path = View;
			sourceTree = "<group>";
		};
		7A7604812809CE73001BC1B1 /* cell */ = {
			isa = PBXGroup;
			children = (
				7A76047E2809C66F001BC1B1 /* CurrentNewsCell.h */,
				7A76047F2809C66F001BC1B1 /* CurrentNewsCell.m */,
			);
			path = cell;
			sourceTree = "<group>";
		};
		7A7604832809CEA3001BC1B1 /* CurrentNewsTableView */ = {
			isa = PBXGroup;
			children = (
				7A7604842809CED8001BC1B1 /* CurrentNewsTableView.h */,
				7A7604852809CED8001BC1B1 /* CurrentNewsTableView.m */,
				7A7604812809CE73001BC1B1 /* cell */,
			);
			path = CurrentNewsTableView;
			sourceTree = "<group>";
		};
		7A7604B1280B2382001BC1B1 /* WaterFlowView */ = {
			isa = PBXGroup;
			children = (
				7A7604AE280B2321001BC1B1 /* WaterFlowView.h */,
				7A7604AF280B2322001BC1B1 /* WaterFlowView.m */,
			);
			path = WaterFlowView;
			sourceTree = "<group>";
		};
		A50D12402E82F868433F4185 /* Frameworks */ = {
			isa = PBXGroup;
			children = (
				0C9690FE25E517FDCB3D6624 /* Pods_NewApp.framework */,
			);
			name = Frameworks;
			sourceTree = "<group>";
		};
		B50953AF28113DF500E9D3FD /* UILabel+AutoHeight */ = {
			isa = PBXGroup;
			children = (
				B50953AD28113DEA00E9D3FD /* UILabel+AutoHeight.h */,
				B50953AC28113DEA00E9D3FD /* UILabel+AutoHeight.m */,
			);
			path = "UILabel+AutoHeight";
			sourceTree = "<group>";
		};
		B5244C3A280462280034FC6A /* Login */ = {
			isa = PBXGroup;
			children = (
				B5244C41280462620034FC6A /* ViewController */,
				B5244C422804627C0034FC6A /* View */,
			);
			path = Login;
			sourceTree = "<group>";
		};
		B5244C41280462620034FC6A /* ViewController */ = {
			isa = PBXGroup;
			children = (
				B5244C3E280462570034FC6A /* LoginViewController.h */,
				B5244C3F280462570034FC6A /* LoginViewController.m */,
			);
			path = ViewController;
			sourceTree = "<group>";
		};
		B5244C422804627C0034FC6A /* View */ = {
			isa = PBXGroup;
			children = (
				B5244C3B2804624A0034FC6A /* LoginView.h */,
				B5244C3C2804624A0034FC6A /* LoginView.m */,
			);
			path = View;
			sourceTree = "<group>";
		};
		B5244C44280465880034FC6A /* Person */ = {
			isa = PBXGroup;
			children = (
				7A548534280DB95900338BF1 /* View */,
				7A54853B280DBD5E00338BF1 /* ViewController */,
			);
			path = Person;
			sourceTree = "<group>";
		};
		B5244C4E28053BB90034FC6A /* Tool */ = {
			isa = PBXGroup;
			children = (
				7A5260BE2809BCF5000A06BC /* UIView+RoundCorner */,
				140102C02806E72E00AB27C2 /* Header */,
				B5244C5028053BD10034FC6A /* NSDate+Day */,
				1440DD142803007900652F5D /* UIView+Frame */,
				140102A22806E29700AB27C2 /* HTTPClient */,
				B50953AF28113DF500E9D3FD /* UILabel+AutoHeight */,
			);
			path = Tool;
			sourceTree = "<group>";
		};
		B5244C5028053BD10034FC6A /* NSDate+Day */ = {
			isa = PBXGroup;
			children = (
				B5244C5228053C120034FC6A /* NSDate+Day.h */,
				B5244C5128053C120034FC6A /* NSDate+Day.m */,
			);
			path = "NSDate+Day";
			sourceTree = "<group>";
		};
		B54BE2B52801AF0F0095769A = {
			isa = PBXGroup;
			children = (
				7A548543281191BE00338BF1 /* Color.xcassets */,
				B54BE2CD2801AF110095769A /* Assets.xcassets */,
				B54BE2C02801AF0F0095769A /* NewApp */,
				B54BE2BF2801AF0F0095769A /* Products */,
				2B56657591FF0C9D98B31688 /* Pods */,
				A50D12402E82F868433F4185 /* Frameworks */,
			);
			sourceTree = "<group>";
		};
		B54BE2BF2801AF0F0095769A /* Products */ = {
			isa = PBXGroup;
			children = (
				B54BE2BE2801AF0F0095769A /* NewApp.app */,
			);
			name = Products;
			sourceTree = "<group>";
		};
		B54BE2C02801AF0F0095769A /* NewApp */ = {
			isa = PBXGroup;
			children = (
				B54BE2C12801AF0F0095769A /* AppDelegate.h */,
				B54BE2C22801AF0F0095769A /* AppDelegate.m */,
				1401029E2806DE8D00AB27C2 /* NewPresenter */,
				B5244C3A280462280034FC6A /* Login */,
				B54BE2EA2801B28D0095769A /* Main */,
				B5244C44280465880034FC6A /* Person */,
				140102C92807011000AB27C2 /* BaseView */,
				B5244C4E28053BB90034FC6A /* Tool */,
				B54BE2E62801B0B40095769A /* PrefixHeader.pch */,
				B54BE2D22801AF110095769A /* Info.plist */,
				B50953AA2811372000E9D3FD /* schoolNews.plist */,
				B54BE2CF2801AF110095769A /* LaunchScreen.storyboard */,
				B54BE2D32801AF110095769A /* main.m */,
			);
			path = NewApp;
			sourceTree = "<group>";
		};
		B54BE2E72801B2380095769A /* CurrentNews */ = {
			isa = PBXGroup;
			children = (
				B5F6AD6B2813CCF400D2DAC3 /* FrontPage */,
				B5F6AD6C2813CD0C00D2DAC3 /* NextPage */,
			);
			path = CurrentNews;
			sourceTree = "<group>";
		};
		B54BE2E82801B2470095769A /* FunnyNews */ = {
			isa = PBXGroup;
			children = (
				B5CBE63428141BCC009C3151 /* FrontPage */,
				B5CBE63528141BF1009C3151 /* NextPage */,
			);
			path = FunnyNews;
			sourceTree = "<group>";
		};
		B54BE2EA2801B28D0095769A /* Main */ = {
			isa = PBXGroup;
			children = (
				B54BE2F22801B31D0095769A /* ViewController */,
				B54BE2EB2801B2A00095769A /* View */,
				B54BE2E72801B2380095769A /* CurrentNews */,
				B54BE2E82801B2470095769A /* FunnyNews */,
				B5F6AD4D2813C01000D2DAC3 /* SchoolNews */,
			);
			path = Main;
			sourceTree = "<group>";
		};
		B54BE2EB2801B2A00095769A /* View */ = {
			isa = PBXGroup;
			children = (
				B5244C4B28053ACF0034FC6A /* TopView.h */,
				B5244C4C28053ACF0034FC6A /* TopView.m */,
				B54BE2EC2801B2D60095769A /* NavView.h */,
				B54BE2ED2801B2D60095769A /* NavView.m */,
			);
			path = View;
			sourceTree = "<group>";
		};
		B54BE2EF2801B2E90095769A /* ViewController */ = {
			isa = PBXGroup;
			children = (
				B54BE2DD2801AFEA0095769A /* CurrentNewsViewController.h */,
				B54BE2DE2801AFEA0095769A /* CurrentNewsViewController.m */,
			);
			path = ViewController;
			sourceTree = "<group>";
		};
		B54BE2F02801B30F0095769A /* ViewController */ = {
			isa = PBXGroup;
			children = (
				B54BE2E02801AFFE0095769A /* FunnyNewsViewController.h */,
				B54BE2E12801AFFE0095769A /* FunnyNewsViewController.m */,
			);
			path = ViewController;
			sourceTree = "<group>";
		};
		B54BE2F22801B31D0095769A /* ViewController */ = {
			isa = PBXGroup;
			children = (
				B54BE2DA2801AFD40095769A /* MainViewController.h */,
				B54BE2DB2801AFD40095769A /* MainViewController.m */,
			);
			path = ViewController;
			sourceTree = "<group>";
		};
		B5CBE63428141BCC009C3151 /* FrontPage */ = {
			isa = PBXGroup;
			children = (
				B54BE2F02801B30F0095769A /* ViewController */,
				7A5260702809B616000A06BC /* View */,
				142B7493280AF6DC008B6485 /* ZHNewsModel */,
			);
			path = FrontPage;
			sourceTree = "<group>";
		};
		B5CBE63528141BF1009C3151 /* NextPage */ = {
			isa = PBXGroup;
			children = (
				B5CBE63628141BFF009C3151 /* ViewController */,
			);
			path = NextPage;
			sourceTree = "<group>";
		};
		B5CBE63628141BFF009C3151 /* ViewController */ = {
			isa = PBXGroup;
			children = (
				B5CBE63728141C1F009C3151 /* FNNextViewController.h */,
				B5CBE63828141C1F009C3151 /* FNNextViewController.m */,
			);
			path = ViewController;
			sourceTree = "<group>";
		};
		B5F6AD4D2813C01000D2DAC3 /* SchoolNews */ = {
			isa = PBXGroup;
			children = (
				B5F6AD612813C10F00D2DAC3 /* FrontPage */,
				B5F6AD622813C11D00D2DAC3 /* NextPage */,
			);
			path = SchoolNews;
			sourceTree = "<group>";
		};
		B5F6AD512813C04A00D2DAC3 /* ViewController */ = {
			isa = PBXGroup;
			children = (
				B5F6AD4E2813C04500D2DAC3 /* SchoolNewsViewController.h */,
				B5F6AD4F2813C04500D2DAC3 /* SchoolNewsViewController.m */,
			);
			path = ViewController;
			sourceTree = "<group>";
		};
		B5F6AD522813C05D00D2DAC3 /* View */ = {
			isa = PBXGroup;
			children = (
				B5F6AD5A2813C0BA00D2DAC3 /* SchoolNewsTableView.h */,
				B5F6AD5B2813C0BA00D2DAC3 /* SchoolNewsTableView.m */,
				B5F6AD562813C08100D2DAC3 /* cell */,
			);
			path = View;
			sourceTree = "<group>";
		};
		B5F6AD562813C08100D2DAC3 /* cell */ = {
			isa = PBXGroup;
			children = (
				B5F6AD572813C09C00D2DAC3 /* SchoolNewsCell.h */,
				B5F6AD582813C09C00D2DAC3 /* SchoolNewsCell.m */,
			);
			path = cell;
			sourceTree = "<group>";
		};
		B5F6AD5D2813C0D900D2DAC3 /* Model */ = {
			isa = PBXGroup;
			children = (
				B5F6AD5E2813C10300D2DAC3 /* SNModel.h */,
				B5F6AD5F2813C10300D2DAC3 /* SNModel.m */,
			);
			path = Model;
			sourceTree = "<group>";
		};
		B5F6AD612813C10F00D2DAC3 /* FrontPage */ = {
			isa = PBXGroup;
			children = (
				B5F6AD512813C04A00D2DAC3 /* ViewController */,
				B5F6AD522813C05D00D2DAC3 /* View */,
				B5F6AD5D2813C0D900D2DAC3 /* Model */,
			);
			path = FrontPage;
			sourceTree = "<group>";
		};
		B5F6AD622813C11D00D2DAC3 /* NextPage */ = {
			isa = PBXGroup;
			children = (
				B5F6AD642813C12D00D2DAC3 /* ViewController */,
				B5F6AD632813C12800D2DAC3 /* View */,
			);
			path = NextPage;
			sourceTree = "<group>";
		};
		B5F6AD632813C12800D2DAC3 /* View */ = {
			isa = PBXGroup;
			children = (
				B5F6AD682813C16700D2DAC3 /* SNNextView.h */,
				B5F6AD692813C16700D2DAC3 /* SNNextView.m */,
			);
			path = View;
			sourceTree = "<group>";
		};
		B5F6AD642813C12D00D2DAC3 /* ViewController */ = {
			isa = PBXGroup;
			children = (
				B5F6AD652813C15400D2DAC3 /* SNNextViewController.h */,
				B5F6AD662813C15400D2DAC3 /* SNNextViewController.m */,
			);
			path = ViewController;
			sourceTree = "<group>";
		};
		B5F6AD6B2813CCF400D2DAC3 /* FrontPage */ = {
			isa = PBXGroup;
			children = (
				B54BE2EF2801B2E90095769A /* ViewController */,
				7A7604622809C48D001BC1B1 /* View */,
				140102C82806FE2000AB27C2 /* WYNewsModel */,
			);
			path = FrontPage;
			sourceTree = "<group>";
		};
		B5F6AD6C2813CD0C00D2DAC3 /* NextPage */ = {
			isa = PBXGroup;
			children = (
				B5F6AD6D2813CD1A00D2DAC3 /* ViewController */,
			);
			path = NextPage;
			sourceTree = "<group>";
		};
		B5F6AD6D2813CD1A00D2DAC3 /* ViewController */ = {
			isa = PBXGroup;
			children = (
				B5F6AD6F2813CD4A00D2DAC3 /* CNNextViewController.h */,
				B5F6AD702813CD4A00D2DAC3 /* CNNextViewController.m */,
			);
			path = ViewController;
			sourceTree = "<group>";
		};
/* End PBXGroup section */

/* Begin PBXNativeTarget section */
		B54BE2BD2801AF0F0095769A /* NewApp */ = {
			isa = PBXNativeTarget;
			buildConfigurationList = B54BE2D72801AF110095769A /* Build configuration list for PBXNativeTarget "NewApp" */;
			buildPhases = (
				7FEA7E0BC6E9FD37202E3C44 /* [CP] Check Pods Manifest.lock */,
				B54BE2BA2801AF0F0095769A /* Sources */,
				B54BE2BB2801AF0F0095769A /* Frameworks */,
				B54BE2BC2801AF0F0095769A /* Resources */,
				EB79005280DFB57C0F68967F /* [CP] Embed Pods Frameworks */,
			);
			buildRules = (
			);
			dependencies = (
			);
			name = NewApp;
			productName = NewApp;
			productReference = B54BE2BE2801AF0F0095769A /* NewApp.app */;
			productType = "com.apple.product-type.application";
		};
/* End PBXNativeTarget section */

/* Begin PBXProject section */
		B54BE2B62801AF0F0095769A /* Project object */ = {
			isa = PBXProject;
			attributes = {
				BuildIndependentTargetsInParallel = 1;
				LastUpgradeCheck = 1310;
				TargetAttributes = {
					B54BE2BD2801AF0F0095769A = {
						CreatedOnToolsVersion = 13.1;
					};
				};
			};
			buildConfigurationList = B54BE2B92801AF0F0095769A /* Build configuration list for PBXProject "NewApp" */;
			compatibilityVersion = "Xcode 13.0";
			developmentRegion = en;
			hasScannedForEncodings = 0;
			knownRegions = (
				en,
				Base,
			);
			mainGroup = B54BE2B52801AF0F0095769A;
			productRefGroup = B54BE2BF2801AF0F0095769A /* Products */;
			projectDirPath = "";
			projectRoot = "";
			targets = (
				B54BE2BD2801AF0F0095769A /* NewApp */,
			);
		};
/* End PBXProject section */

/* Begin PBXResourcesBuildPhase section */
		B54BE2BC2801AF0F0095769A /* Resources */ = {
			isa = PBXResourcesBuildPhase;
			buildActionMask = 2147483647;
			files = (
				B54BE2D12801AF110095769A /* LaunchScreen.storyboard in Resources */,
				7A548544281191BE00338BF1 /* Color.xcassets in Resources */,
				B54BE2CE2801AF110095769A /* Assets.xcassets in Resources */,
				B50953AB2811372000E9D3FD /* schoolNews.plist in Resources */,
			);
			runOnlyForDeploymentPostprocessing = 0;
		};
/* End PBXResourcesBuildPhase section */

/* Begin PBXShellScriptBuildPhase section */
		7FEA7E0BC6E9FD37202E3C44 /* [CP] Check Pods Manifest.lock */ = {
			isa = PBXShellScriptBuildPhase;
			buildActionMask = 2147483647;
			files = (
			);
			inputFileListPaths = (
			);
			inputPaths = (
				"${PODS_PODFILE_DIR_PATH}/Podfile.lock",
				"${PODS_ROOT}/Manifest.lock",
			);
			name = "[CP] Check Pods Manifest.lock";
			outputFileListPaths = (
			);
			outputPaths = (
				"$(DERIVED_FILE_DIR)/Pods-NewApp-checkManifestLockResult.txt",
			);
			runOnlyForDeploymentPostprocessing = 0;
			shellPath = /bin/sh;
			shellScript = "diff \"${PODS_PODFILE_DIR_PATH}/Podfile.lock\" \"${PODS_ROOT}/Manifest.lock\" > /dev/null\nif [ $? != 0 ] ; then\n    # print error to STDERR\n    echo \"error: The sandbox is not in sync with the Podfile.lock. Run 'pod install' or update your CocoaPods installation.\" >&2\n    exit 1\nfi\n# This output is used by Xcode 'outputs' to avoid re-running this script phase.\necho \"SUCCESS\" > \"${SCRIPT_OUTPUT_FILE_0}\"\n";
			showEnvVarsInLog = 0;
		};
		EB79005280DFB57C0F68967F /* [CP] Embed Pods Frameworks */ = {
			isa = PBXShellScriptBuildPhase;
			buildActionMask = 2147483647;
			files = (
			);
			inputFileListPaths = (
				"${PODS_ROOT}/Target Support Files/Pods-NewApp/Pods-NewApp-frameworks-${CONFIGURATION}-input-files.xcfilelist",
			);
			name = "[CP] Embed Pods Frameworks";
			outputFileListPaths = (
				"${PODS_ROOT}/Target Support Files/Pods-NewApp/Pods-NewApp-frameworks-${CONFIGURATION}-output-files.xcfilelist",
			);
			runOnlyForDeploymentPostprocessing = 0;
			shellPath = /bin/sh;
			shellScript = "\"${PODS_ROOT}/Target Support Files/Pods-NewApp/Pods-NewApp-frameworks.sh\"\n";
			showEnvVarsInLog = 0;
		};
/* End PBXShellScriptBuildPhase section */

/* Begin PBXSourcesBuildPhase section */
		B54BE2BA2801AF0F0095769A /* Sources */ = {
			isa = PBXSourcesBuildPhase;
			buildActionMask = 2147483647;
			files = (
				7A7604B0280B2322001BC1B1 /* WaterFlowView.m in Sources */,
				B5244C47280466620034FC6A /* PersonViewController.m in Sources */,
				1440DD132803006400652F5D /* UIView+Frame.m in Sources */,
				7A7604802809C66F001BC1B1 /* CurrentNewsCell.m in Sources */,
				B5244C5328053C120034FC6A /* NSDate+Day.m in Sources */,
				140102C32806F9F400AB27C2 /* WYNewsModel.m in Sources */,
				7A548537280DBA2A00338BF1 /* PersonFirstView.m in Sources */,
				B5F6AD592813C09C00D2DAC3 /* SchoolNewsCell.m in Sources */,
				1401029D2806D8F200AB27C2 /* NewPresenter.m in Sources */,
				140102B82806E59200AB27C2 /* SSRTextCycleCell.m in Sources */,
				140102BC2806E5A500AB27C2 /* SSRTextCycleView.m in Sources */,
				B5F6AD602813C10300D2DAC3 /* SNModel.m in Sources */,
				B50953AE28113DEB00E9D3FD /* UILabel+AutoHeight.m in Sources */,
				B54BE2DF2801AFEA0095769A /* CurrentNewsViewController.m in Sources */,
				7A54853A280DBA3700338BF1 /* PersonSecondView.m in Sources */,
				B54BE2C32801AF0F0095769A /* AppDelegate.m in Sources */,
				B5F6AD6A2813C16700D2DAC3 /* SNNextView.m in Sources */,
				B5244C3D2804624A0034FC6A /* LoginView.m in Sources */,
				140102AF2806E4D200AB27C2 /* QuestionSelectView.m in Sources */,
				B5244C40280462570034FC6A /* LoginViewController.m in Sources */,
				140102A12806E00F00AB27C2 /* HTTPClient.m in Sources */,
				B5F6AD712813CD4A00D2DAC3 /* CNNextViewController.m in Sources */,
				142B7490280AF004008B6485 /* ZHNewsModel.m in Sources */,
				B5244C4D28053ACF0034FC6A /* TopView.m in Sources */,
				B54BE2D42801AF110095769A /* main.m in Sources */,
				B5F6AD502813C04500D2DAC3 /* SchoolNewsViewController.m in Sources */,
				B5CBE63928141C1F009C3151 /* FNNextViewController.m in Sources */,
				7A7604862809CED8001BC1B1 /* CurrentNewsTableView.m in Sources */,
				B54BE2EE2801B2D60095769A /* NavView.m in Sources */,
				B54BE2E22801AFFE0095769A /* FunnyNewsViewController.m in Sources */,
				B5F6AD672813C15400D2DAC3 /* SNNextViewController.m in Sources */,
				B54BE2DC2801AFD40095769A /* MainViewController.m in Sources */,
				7A9DFD7C280DB50100BBA782 /* BannerView.m in Sources */,
				140102B42806E51800AB27C2 /* SSRTopBarBaseView.m in Sources */,
				142B7488280AE7A9008B6485 /* ZHSectionNews.m in Sources */,
				7A5260C12809BD0A000A06BC /* UIView+RoundCorner.m in Sources */,
				B5F6AD5C2813C0BA00D2DAC3 /* SchoolNewsTableView.m in Sources */,
				140102C62806FA0900AB27C2 /* WYNews.m in Sources */,
				142B7485280AE48B008B6485 /* ZHNews.m in Sources */,
				140102AB2806E4C500AB27C2 /* QuestionButton.m in Sources */,
			);
			runOnlyForDeploymentPostprocessing = 0;
		};
/* End PBXSourcesBuildPhase section */

/* Begin PBXVariantGroup section */
		B54BE2CF2801AF110095769A /* LaunchScreen.storyboard */ = {
			isa = PBXVariantGroup;
			children = (
				B54BE2D02801AF110095769A /* Base */,
			);
			name = LaunchScreen.storyboard;
			sourceTree = "<group>";
		};
/* End PBXVariantGroup section */

/* Begin XCBuildConfiguration section */
		B54BE2D52801AF110095769A /* Debug */ = {
			isa = XCBuildConfiguration;
			buildSettings = {
				ALWAYS_SEARCH_USER_PATHS = NO;
				CLANG_ANALYZER_NONNULL = YES;
				CLANG_ANALYZER_NUMBER_OBJECT_CONVERSION = YES_AGGRESSIVE;
				CLANG_CXX_LANGUAGE_STANDARD = "gnu++17";
				CLANG_CXX_LIBRARY = "libc++";
				CLANG_ENABLE_MODULES = YES;
				CLANG_ENABLE_OBJC_ARC = YES;
				CLANG_ENABLE_OBJC_WEAK = YES;
				CLANG_WARN_BLOCK_CAPTURE_AUTORELEASING = YES;
				CLANG_WARN_BOOL_CONVERSION = YES;
				CLANG_WARN_COMMA = YES;
				CLANG_WARN_CONSTANT_CONVERSION = YES;
				CLANG_WARN_DEPRECATED_OBJC_IMPLEMENTATIONS = YES;
				CLANG_WARN_DIRECT_OBJC_ISA_USAGE = YES_ERROR;
				CLANG_WARN_DOCUMENTATION_COMMENTS = YES;
				CLANG_WARN_EMPTY_BODY = YES;
				CLANG_WARN_ENUM_CONVERSION = YES;
				CLANG_WARN_INFINITE_RECURSION = YES;
				CLANG_WARN_INT_CONVERSION = YES;
				CLANG_WARN_NON_LITERAL_NULL_CONVERSION = YES;
				CLANG_WARN_OBJC_IMPLICIT_RETAIN_SELF = YES;
				CLANG_WARN_OBJC_LITERAL_CONVERSION = YES;
				CLANG_WARN_OBJC_ROOT_CLASS = YES_ERROR;
				CLANG_WARN_QUOTED_INCLUDE_IN_FRAMEWORK_HEADER = YES;
				CLANG_WARN_RANGE_LOOP_ANALYSIS = YES;
				CLANG_WARN_STRICT_PROTOTYPES = YES;
				CLANG_WARN_SUSPICIOUS_MOVE = YES;
				CLANG_WARN_UNGUARDED_AVAILABILITY = YES_AGGRESSIVE;
				CLANG_WARN_UNREACHABLE_CODE = YES;
				CLANG_WARN__DUPLICATE_METHOD_MATCH = YES;
				COPY_PHASE_STRIP = NO;
				DEBUG_INFORMATION_FORMAT = dwarf;
				ENABLE_STRICT_OBJC_MSGSEND = YES;
				ENABLE_TESTABILITY = YES;
				GCC_C_LANGUAGE_STANDARD = gnu11;
				GCC_DYNAMIC_NO_PIC = NO;
				GCC_NO_COMMON_BLOCKS = YES;
				GCC_OPTIMIZATION_LEVEL = 0;
				GCC_PREPROCESSOR_DEFINITIONS = (
					"DEBUG=1",
					"$(inherited)",
				);
				GCC_WARN_64_TO_32_BIT_CONVERSION = YES;
				GCC_WARN_ABOUT_RETURN_TYPE = YES_ERROR;
				GCC_WARN_UNDECLARED_SELECTOR = YES;
				GCC_WARN_UNINITIALIZED_AUTOS = YES_AGGRESSIVE;
				GCC_WARN_UNUSED_FUNCTION = YES;
				GCC_WARN_UNUSED_VARIABLE = YES;
				IPHONEOS_DEPLOYMENT_TARGET = 11.0;
				MTL_ENABLE_DEBUG_INFO = INCLUDE_SOURCE;
				MTL_FAST_MATH = YES;
				ONLY_ACTIVE_ARCH = YES;
				SDKROOT = iphoneos;
			};
			name = Debug;
		};
		B54BE2D62801AF110095769A /* Release */ = {
			isa = XCBuildConfiguration;
			buildSettings = {
				ALWAYS_SEARCH_USER_PATHS = NO;
				CLANG_ANALYZER_NONNULL = YES;
				CLANG_ANALYZER_NUMBER_OBJECT_CONVERSION = YES_AGGRESSIVE;
				CLANG_CXX_LANGUAGE_STANDARD = "gnu++17";
				CLANG_CXX_LIBRARY = "libc++";
				CLANG_ENABLE_MODULES = YES;
				CLANG_ENABLE_OBJC_ARC = YES;
				CLANG_ENABLE_OBJC_WEAK = YES;
				CLANG_WARN_BLOCK_CAPTURE_AUTORELEASING = YES;
				CLANG_WARN_BOOL_CONVERSION = YES;
				CLANG_WARN_COMMA = YES;
				CLANG_WARN_CONSTANT_CONVERSION = YES;
				CLANG_WARN_DEPRECATED_OBJC_IMPLEMENTATIONS = YES;
				CLANG_WARN_DIRECT_OBJC_ISA_USAGE = YES_ERROR;
				CLANG_WARN_DOCUMENTATION_COMMENTS = YES;
				CLANG_WARN_EMPTY_BODY = YES;
				CLANG_WARN_ENUM_CONVERSION = YES;
				CLANG_WARN_INFINITE_RECURSION = YES;
				CLANG_WARN_INT_CONVERSION = YES;
				CLANG_WARN_NON_LITERAL_NULL_CONVERSION = YES;
				CLANG_WARN_OBJC_IMPLICIT_RETAIN_SELF = YES;
				CLANG_WARN_OBJC_LITERAL_CONVERSION = YES;
				CLANG_WARN_OBJC_ROOT_CLASS = YES_ERROR;
				CLANG_WARN_QUOTED_INCLUDE_IN_FRAMEWORK_HEADER = YES;
				CLANG_WARN_RANGE_LOOP_ANALYSIS = YES;
				CLANG_WARN_STRICT_PROTOTYPES = YES;
				CLANG_WARN_SUSPICIOUS_MOVE = YES;
				CLANG_WARN_UNGUARDED_AVAILABILITY = YES_AGGRESSIVE;
				CLANG_WARN_UNREACHABLE_CODE = YES;
				CLANG_WARN__DUPLICATE_METHOD_MATCH = YES;
				COPY_PHASE_STRIP = NO;
				DEBUG_INFORMATION_FORMAT = "dwarf-with-dsym";
				ENABLE_NS_ASSERTIONS = NO;
				ENABLE_STRICT_OBJC_MSGSEND = YES;
				GCC_C_LANGUAGE_STANDARD = gnu11;
				GCC_NO_COMMON_BLOCKS = YES;
				GCC_WARN_64_TO_32_BIT_CONVERSION = YES;
				GCC_WARN_ABOUT_RETURN_TYPE = YES_ERROR;
				GCC_WARN_UNDECLARED_SELECTOR = YES;
				GCC_WARN_UNINITIALIZED_AUTOS = YES_AGGRESSIVE;
				GCC_WARN_UNUSED_FUNCTION = YES;
				GCC_WARN_UNUSED_VARIABLE = YES;
				IPHONEOS_DEPLOYMENT_TARGET = 11.0;
				MTL_ENABLE_DEBUG_INFO = NO;
				MTL_FAST_MATH = YES;
				SDKROOT = iphoneos;
				VALIDATE_PRODUCT = YES;
			};
			name = Release;
		};
		B54BE2D82801AF110095769A /* Debug */ = {
			isa = XCBuildConfiguration;
			baseConfigurationReference = 917B21508948659933AFA0B1 /* Pods-NewApp.debug.xcconfig */;
			buildSettings = {
				ASSETCATALOG_COMPILER_APPICON_NAME = AppIcon;
				ASSETCATALOG_COMPILER_GLOBAL_ACCENT_COLOR_NAME = AccentColor;
				CODE_SIGN_STYLE = Automatic;
				CURRENT_PROJECT_VERSION = 1;
				DEVELOPMENT_TEAM = 727CVV9PLJ;
				GCC_PRECOMPILE_PREFIX_HEADER = YES;
				GCC_PREFIX_HEADER = "$(SRCROOT)/NewApp/PrefixHeader.pch";
				GENERATE_INFOPLIST_FILE = YES;
				INFOPLIST_FILE = NewApp/Info.plist;
				INFOPLIST_KEY_CFBundleDisplayName = SKNewApp;
				INFOPLIST_KEY_UIApplicationSupportsIndirectInputEvents = YES;
				INFOPLIST_KEY_UILaunchStoryboardName = LaunchScreen;
				INFOPLIST_KEY_UISupportedInterfaceOrientations_iPad = "UIInterfaceOrientationPortrait UIInterfaceOrientationPortraitUpsideDown UIInterfaceOrientationLandscapeLeft UIInterfaceOrientationLandscapeRight";
				INFOPLIST_KEY_UISupportedInterfaceOrientations_iPhone = "UIInterfaceOrientationPortrait UIInterfaceOrientationLandscapeLeft UIInterfaceOrientationLandscapeRight";
				LD_RUNPATH_SEARCH_PATHS = (
					"$(inherited)",
					"@executable_path/Frameworks",
				);
				MARKETING_VERSION = 1.0;
				PRODUCT_BUNDLE_IDENTIFIER = sungkaikai.NewApp;
				PRODUCT_NAME = "$(TARGET_NAME)";
				SWIFT_EMIT_LOC_STRINGS = YES;
				TARGETED_DEVICE_FAMILY = 1;
			};
			name = Debug;
		};
		B54BE2D92801AF110095769A /* Release */ = {
			isa = XCBuildConfiguration;
			baseConfigurationReference = 67926DF1803C2B53047F7BFD /* Pods-NewApp.release.xcconfig */;
			buildSettings = {
				ASSETCATALOG_COMPILER_APPICON_NAME = AppIcon;
				ASSETCATALOG_COMPILER_GLOBAL_ACCENT_COLOR_NAME = AccentColor;
				CODE_SIGN_STYLE = Automatic;
				CURRENT_PROJECT_VERSION = 1;
				DEVELOPMENT_TEAM = 727CVV9PLJ;
				GCC_PRECOMPILE_PREFIX_HEADER = YES;
				GCC_PREFIX_HEADER = "$(SRCROOT)/NewApp/PrefixHeader.pch";
				GENERATE_INFOPLIST_FILE = YES;
				INFOPLIST_FILE = NewApp/Info.plist;
				INFOPLIST_KEY_CFBundleDisplayName = SKNewApp;
				INFOPLIST_KEY_UIApplicationSupportsIndirectInputEvents = YES;
				INFOPLIST_KEY_UILaunchStoryboardName = LaunchScreen;
				INFOPLIST_KEY_UISupportedInterfaceOrientations_iPad = "UIInterfaceOrientationPortrait UIInterfaceOrientationPortraitUpsideDown UIInterfaceOrientationLandscapeLeft UIInterfaceOrientationLandscapeRight";
				INFOPLIST_KEY_UISupportedInterfaceOrientations_iPhone = "UIInterfaceOrientationPortrait UIInterfaceOrientationLandscapeLeft UIInterfaceOrientationLandscapeRight";
				LD_RUNPATH_SEARCH_PATHS = (
					"$(inherited)",
					"@executable_path/Frameworks",
				);
				MARKETING_VERSION = 1.0;
				PRODUCT_BUNDLE_IDENTIFIER = sungkaikai.NewApp;
				PRODUCT_NAME = "$(TARGET_NAME)";
				SWIFT_EMIT_LOC_STRINGS = YES;
				TARGETED_DEVICE_FAMILY = 1;
			};
			name = Release;
		};
/* End XCBuildConfiguration section */

/* Begin XCConfigurationList section */
		B54BE2B92801AF0F0095769A /* Build configuration list for PBXProject "NewApp" */ = {
			isa = XCConfigurationList;
			buildConfigurations = (
				B54BE2D52801AF110095769A /* Debug */,
				B54BE2D62801AF110095769A /* Release */,
			);
			defaultConfigurationIsVisible = 0;
			defaultConfigurationName = Release;
		};
		B54BE2D72801AF110095769A /* Build configuration list for PBXNativeTarget "NewApp" */ = {
			isa = XCConfigurationList;
			buildConfigurations = (
				B54BE2D82801AF110095769A /* Debug */,
				B54BE2D92801AF110095769A /* Release */,
			);
			defaultConfigurationIsVisible = 0;
			defaultConfigurationName = Release;
		};
/* End XCConfigurationList section */
	};
	rootObject = B54BE2B62801AF0F0095769A /* Project object */;
}
